
Microsoft Visual Studio Solution File, Format Version 12.00
# Visual Studio Version 16
VisualStudioVersion = 16.0.33130.400
MinimumVisualStudioVersion = 10.0.40219.1
Project("{FAE04EC0-301F-11D3-BF4B-00C04F79EFBC}") = "security_walkthrough", "security_walkthrough\security_walkthrough.csproj", "{F61DF02D-D20D-4B2B-9ECA-DFC914E0BE18}"
EndProject
Global
	GlobalSection(SolutionConfigurationPlatforms) = preSolution
		Debug|Any CPU = Debug|Any CPU
		Release|Any CPU = Release|Any CPU
	EndGlobalSection
	GlobalSection(ProjectConfigurationPlatforms) = postSolution
		{F61DF02D-D20D-4B2B-9ECA-DFC914E0BE18}.Debug|Any CPU.ActiveCfg = Debug|Any CPU
		{F61DF02D-D20D-4B2B-9ECA-DFC914E0BE18}.Debug|Any CPU.Build.0 = Debug|Any CPU
		{F61DF02D-D20D-4B2B-9ECA-DFC914E0BE18}.Release|Any CPU.ActiveCfg = Release|Any CPU
		{F61DF02D-D20D-4B2B-9ECA-DFC914E0BE18}.Release|Any CPU.Build.0 = Release|Any CPU
	EndGlobalSection
	GlobalSection(SolutionProperties) = preSolution
		HideSolutionNode = FALSE
	EndGlobalSection
	GlobalSection(ExtensibilityGlobals) = postSolution
		SolutionGuid = {2078D101-18C7-4854-8F7E-10920E48BA6A}
	EndGlobalSection
EndGlobal
